// !$*UTF8*$!
{
	archiveVersion = 1;
	classes = {
	};
	objectVersion = 50;
	objects = {

/* Begin PBXBuildFile section */
		C608773721C7FEDE0061D51C /* PictureInPictureViewController.swift in Sources */ = {isa = PBXBuildFile; fileRef = C608773621C7FEDE0061D51C /* PictureInPictureViewController.swift */; };
		C608773921C801120061D51C /* PictureInPictureViewControllerTests.swift in Sources */ = {isa = PBXBuildFile; fileRef = C608773821C801120061D51C /* PictureInPictureViewControllerTests.swift */; };
		C608774121C858810061D51C /* AppDelegate.swift in Sources */ = {isa = PBXBuildFile; fileRef = C608774021C858810061D51C /* AppDelegate.swift */; };
		C608774321C858810061D51C /* ViewController.swift in Sources */ = {isa = PBXBuildFile; fileRef = C608774221C858810061D51C /* ViewController.swift */; };
		C608774621C858810061D51C /* Main.storyboard in Resources */ = {isa = PBXBuildFile; fileRef = C608774421C858810061D51C /* Main.storyboard */; };
		C608774821C858830061D51C /* Assets.xcassets in Resources */ = {isa = PBXBuildFile; fileRef = C608774721C858830061D51C /* Assets.xcassets */; };
		C608774B21C858830061D51C /* LaunchScreen.storyboard in Resources */ = {isa = PBXBuildFile; fileRef = C608774921C858830061D51C /* LaunchScreen.storyboard */; };
		C608775121C859470061D51C /* MenuCoordinator.swift in Sources */ = {isa = PBXBuildFile; fileRef = C608775021C859470061D51C /* MenuCoordinator.swift */; };
		C608775321C8596F0061D51C /* MenuTableViewController.swift in Sources */ = {isa = PBXBuildFile; fileRef = C608775221C8596F0061D51C /* MenuTableViewController.swift */; };
		C608775521C859A90061D51C /* MenuItem.swift in Sources */ = {isa = PBXBuildFile; fileRef = C608775421C859A90061D51C /* MenuItem.swift */; };
		C608775621C9565C0061D51C /* SwiftToolkit.framework in Frameworks */ = {isa = PBXBuildFile; fileRef = C66EE2B321C18052003B983F /* SwiftToolkit.framework */; };
		C608775721C9565C0061D51C /* SwiftToolkit.framework in Embed Frameworks */ = {isa = PBXBuildFile; fileRef = C66EE2B321C18052003B983F /* SwiftToolkit.framework */; settings = {ATTRIBUTES = (CodeSignOnCopy, RemoveHeadersOnCopy, ); }; };
		C608775D21C958060061D51C /* CGFloat.swift in Sources */ = {isa = PBXBuildFile; fileRef = C608775C21C958060061D51C /* CGFloat.swift */; };
		C608776021C958A50061D51C /* CGFloatTests.swift in Sources */ = {isa = PBXBuildFile; fileRef = C608775F21C958A50061D51C /* CGFloatTests.swift */; };
		C608776221C95C3D0061D51C /* ShadowDescriptor.swift in Sources */ = {isa = PBXBuildFile; fileRef = C608776121C95C3D0061D51C /* ShadowDescriptor.swift */; };
		C608776421C95C880061D51C /* ShadowDescriptorTests.swift in Sources */ = {isa = PBXBuildFile; fileRef = C608776321C95C880061D51C /* ShadowDescriptorTests.swift */; };
		C608776621C95F8C0061D51C /* CALayer.swift in Sources */ = {isa = PBXBuildFile; fileRef = C608776521C95F8C0061D51C /* CALayer.swift */; };
		C608776821C960600061D51C /* CALayerTests.swift in Sources */ = {isa = PBXBuildFile; fileRef = C608776721C960600061D51C /* CALayerTests.swift */; };
		C608776D21C96CF20061D51C /* PictureInPictureViewCoordinator.swift in Sources */ = {isa = PBXBuildFile; fileRef = C608776C21C96CF20061D51C /* PictureInPictureViewCoordinator.swift */; };
		C608777021C96D580061D51C /* ShadowEditorViewController.swift in Sources */ = {isa = PBXBuildFile; fileRef = C608776E21C96D580061D51C /* ShadowEditorViewController.swift */; };
		C608777121C96D580061D51C /* ShadowEditorViewController.xib in Resources */ = {isa = PBXBuildFile; fileRef = C608776F21C96D580061D51C /* ShadowEditorViewController.xib */; };
		C608777321CA9A880061D51C /* ViewLayerDescriptor.swift in Sources */ = {isa = PBXBuildFile; fileRef = C608777221CA9A880061D51C /* ViewLayerDescriptor.swift */; };
		C608777521CABBA60061D51C /* BorderDescriptor.swift in Sources */ = {isa = PBXBuildFile; fileRef = C608777421CABBA60061D51C /* BorderDescriptor.swift */; };
		C608777721CABBC30061D51C /* BorderDescriptorTests.swift in Sources */ = {isa = PBXBuildFile; fileRef = C608777621CABBC30061D51C /* BorderDescriptorTests.swift */; };
		C60934B821DD3A3700B9F063 /* OverlayViewControllerTests.swift in Sources */ = {isa = PBXBuildFile; fileRef = C60934B721DD3A3700B9F063 /* OverlayViewControllerTests.swift */; };
		C60934BA21DD3A8A00B9F063 /* OverlayViewController.swift in Sources */ = {isa = PBXBuildFile; fileRef = C60934B921DD3A8A00B9F063 /* OverlayViewController.swift */; };
		C641CB1121CAD72D00B3C6DE /* ViewLayerDescriptorTests.swift in Sources */ = {isa = PBXBuildFile; fileRef = C641CB1021CAD72D00B3C6DE /* ViewLayerDescriptorTests.swift */; };
		C66EE2BD21C18052003B983F /* SwiftToolkit.framework in Frameworks */ = {isa = PBXBuildFile; fileRef = C66EE2B321C18052003B983F /* SwiftToolkit.framework */; };
		C66EE2C421C18052003B983F /* SwiftToolkit.h in Headers */ = {isa = PBXBuildFile; fileRef = C66EE2B621C18052003B983F /* SwiftToolkit.h */; settings = {ATTRIBUTES = (Public, ); }; };
		C68E117721CD9C320091486A /* DrawerViewController.swift in Sources */ = {isa = PBXBuildFile; fileRef = C68E117621CD9C320091486A /* DrawerViewController.swift */; };
		C68E117921CD9CC10091486A /* DrawerViewControllerTests.swift in Sources */ = {isa = PBXBuildFile; fileRef = C68E117821CD9CC10091486A /* DrawerViewControllerTests.swift */; };
		C6CB39CA21C182AE00816242 /* ItemSection.swift in Sources */ = {isa = PBXBuildFile; fileRef = C6CB39C921C182AE00816242 /* ItemSection.swift */; };
		C6CB39CC21C182BC00816242 /* Sectionable.swift in Sources */ = {isa = PBXBuildFile; fileRef = C6CB39CB21C182BC00816242 /* Sectionable.swift */; };
		C6CB39CE21C183EF00816242 /* ItemSectionTests.swift in Sources */ = {isa = PBXBuildFile; fileRef = C6CB39CD21C183EF00816242 /* ItemSectionTests.swift */; };
		C6CB39D021C187D400816242 /* ItemSectionBuilder.swift in Sources */ = {isa = PBXBuildFile; fileRef = C6CB39CF21C187D400816242 /* ItemSectionBuilder.swift */; };
		C6CB39D421C190C800816242 /* ItemSectionBuilderTests.swift in Sources */ = {isa = PBXBuildFile; fileRef = C6CB39D321C190C800816242 /* ItemSectionBuilderTests.swift */; };
		C6D043C621C2BA73004EBD80 /* ContainerViewController.swift in Sources */ = {isa = PBXBuildFile; fileRef = C6D043C521C2BA73004EBD80 /* ContainerViewController.swift */; };
		C6D043C921C2BFFC004EBD80 /* ContainerViewControllerTests.swift in Sources */ = {isa = PBXBuildFile; fileRef = C6D043C821C2BFFC004EBD80 /* ContainerViewControllerTests.swift */; };
		C6D043CB21C2C6C6004EBD80 /* ActivityIndicatorViewController.swift in Sources */ = {isa = PBXBuildFile; fileRef = C6D043CA21C2C6C6004EBD80 /* ActivityIndicatorViewController.swift */; };
		C6D043CD21C2C6DC004EBD80 /* ActivityIndicatorViewControllerTests.swift in Sources */ = {isa = PBXBuildFile; fileRef = C6D043CC21C2C6DC004EBD80 /* ActivityIndicatorViewControllerTests.swift */; };
		C6D043D021C2D185004EBD80 /* StackViewController.swift in Sources */ = {isa = PBXBuildFile; fileRef = C6D043CF21C2D185004EBD80 /* StackViewController.swift */; };
		C6D043D221C2D197004EBD80 /* StackViewControllerTests.swift in Sources */ = {isa = PBXBuildFile; fileRef = C6D043D121C2D197004EBD80 /* StackViewControllerTests.swift */; };
		C6D043D521C2F041004EBD80 /* MockViewController.swift in Sources */ = {isa = PBXBuildFile; fileRef = C6D043D421C2F041004EBD80 /* MockViewController.swift */; };
		C6D043D721C2FC60004EBD80 /* ScrollViewController.swift in Sources */ = {isa = PBXBuildFile; fileRef = C6D043D621C2FC60004EBD80 /* ScrollViewController.swift */; };
		C6D043D921C2FC74004EBD80 /* ScrollViewControllerTests.swift in Sources */ = {isa = PBXBuildFile; fileRef = C6D043D821C2FC74004EBD80 /* ScrollViewControllerTests.swift */; };
		C6D043E021C31BF4004EBD80 /* NibBackedViewController.swift in Sources */ = {isa = PBXBuildFile; fileRef = C6D043DF21C31BF4004EBD80 /* NibBackedViewController.swift */; };
		C6DA8EBF21DD1BC700FC2A1E /* OverlayViewCoordinator.swift in Sources */ = {isa = PBXBuildFile; fileRef = C6DA8EBE21DD1BC700FC2A1E /* OverlayViewCoordinator.swift */; };
/* End PBXBuildFile section */

/* Begin PBXContainerItemProxy section */
		C608775821C9565C0061D51C /* PBXContainerItemProxy */ = {
			isa = PBXContainerItemProxy;
			containerPortal = C66EE2AA21C18052003B983F /* Project object */;
			proxyType = 1;
			remoteGlobalIDString = C66EE2B221C18052003B983F;
			remoteInfo = SwiftToolkit;
		};
		C66EE2BE21C18052003B983F /* PBXContainerItemProxy */ = {
			isa = PBXContainerItemProxy;
			containerPortal = C66EE2AA21C18052003B983F /* Project object */;
			proxyType = 1;
			remoteGlobalIDString = C66EE2B221C18052003B983F;
			remoteInfo = SwiftToolkit;
		};
/* End PBXContainerItemProxy section */

/* Begin PBXCopyFilesBuildPhase section */
		C608775A21C9565D0061D51C /* Embed Frameworks */ = {
			isa = PBXCopyFilesBuildPhase;
			buildActionMask = 2147483647;
			dstPath = "";
			dstSubfolderSpec = 10;
			files = (
				C608775721C9565C0061D51C /* SwiftToolkit.framework in Embed Frameworks */,
			);
			name = "Embed Frameworks";
			runOnlyForDeploymentPostprocessing = 0;
		};
/* End PBXCopyFilesBuildPhase section */

/* Begin PBXFileReference section */
		C608773621C7FEDE0061D51C /* PictureInPictureViewController.swift */ = {isa = PBXFileReference; lastKnownFileType = sourcecode.swift; path = PictureInPictureViewController.swift; sourceTree = "<group>"; };
		C608773821C801120061D51C /* PictureInPictureViewControllerTests.swift */ = {isa = PBXFileReference; lastKnownFileType = sourcecode.swift; path = PictureInPictureViewControllerTests.swift; sourceTree = "<group>"; };
		C608773E21C858810061D51C /* SwiftToolkitDemo.app */ = {isa = PBXFileReference; explicitFileType = wrapper.application; includeInIndex = 0; path = SwiftToolkitDemo.app; sourceTree = BUILT_PRODUCTS_DIR; };
		C608774021C858810061D51C /* AppDelegate.swift */ = {isa = PBXFileReference; lastKnownFileType = sourcecode.swift; path = AppDelegate.swift; sourceTree = "<group>"; };
		C608774221C858810061D51C /* ViewController.swift */ = {isa = PBXFileReference; lastKnownFileType = sourcecode.swift; path = ViewController.swift; sourceTree = "<group>"; };
		C608774521C858810061D51C /* Base */ = {isa = PBXFileReference; lastKnownFileType = file.storyboard; name = Base; path = Base.lproj/Main.storyboard; sourceTree = "<group>"; };
		C608774721C858830061D51C /* Assets.xcassets */ = {isa = PBXFileReference; lastKnownFileType = folder.assetcatalog; path = Assets.xcassets; sourceTree = "<group>"; };
		C608774A21C858830061D51C /* Base */ = {isa = PBXFileReference; lastKnownFileType = file.storyboard; name = Base; path = Base.lproj/LaunchScreen.storyboard; sourceTree = "<group>"; };
		C608774C21C858830061D51C /* Info.plist */ = {isa = PBXFileReference; lastKnownFileType = text.plist.xml; path = Info.plist; sourceTree = "<group>"; };
		C608775021C859470061D51C /* MenuCoordinator.swift */ = {isa = PBXFileReference; lastKnownFileType = sourcecode.swift; path = MenuCoordinator.swift; sourceTree = "<group>"; };
		C608775221C8596F0061D51C /* MenuTableViewController.swift */ = {isa = PBXFileReference; lastKnownFileType = sourcecode.swift; path = MenuTableViewController.swift; sourceTree = "<group>"; };
		C608775421C859A90061D51C /* MenuItem.swift */ = {isa = PBXFileReference; lastKnownFileType = sourcecode.swift; path = MenuItem.swift; sourceTree = "<group>"; };
		C608775C21C958060061D51C /* CGFloat.swift */ = {isa = PBXFileReference; lastKnownFileType = sourcecode.swift; path = CGFloat.swift; sourceTree = "<group>"; };
		C608775F21C958A50061D51C /* CGFloatTests.swift */ = {isa = PBXFileReference; lastKnownFileType = sourcecode.swift; path = CGFloatTests.swift; sourceTree = "<group>"; };
		C608776121C95C3D0061D51C /* ShadowDescriptor.swift */ = {isa = PBXFileReference; lastKnownFileType = sourcecode.swift; path = ShadowDescriptor.swift; sourceTree = "<group>"; };
		C608776321C95C880061D51C /* ShadowDescriptorTests.swift */ = {isa = PBXFileReference; lastKnownFileType = sourcecode.swift; path = ShadowDescriptorTests.swift; sourceTree = "<group>"; };
		C608776521C95F8C0061D51C /* CALayer.swift */ = {isa = PBXFileReference; lastKnownFileType = sourcecode.swift; path = CALayer.swift; sourceTree = "<group>"; };
		C608776721C960600061D51C /* CALayerTests.swift */ = {isa = PBXFileReference; lastKnownFileType = sourcecode.swift; path = CALayerTests.swift; sourceTree = "<group>"; };
		C608776C21C96CF20061D51C /* PictureInPictureViewCoordinator.swift */ = {isa = PBXFileReference; lastKnownFileType = sourcecode.swift; path = PictureInPictureViewCoordinator.swift; sourceTree = "<group>"; };
		C608776E21C96D580061D51C /* ShadowEditorViewController.swift */ = {isa = PBXFileReference; lastKnownFileType = sourcecode.swift; path = ShadowEditorViewController.swift; sourceTree = "<group>"; };
		C608776F21C96D580061D51C /* ShadowEditorViewController.xib */ = {isa = PBXFileReference; lastKnownFileType = file.xib; path = ShadowEditorViewController.xib; sourceTree = "<group>"; };
		C608777221CA9A880061D51C /* ViewLayerDescriptor.swift */ = {isa = PBXFileReference; lastKnownFileType = sourcecode.swift; path = ViewLayerDescriptor.swift; sourceTree = "<group>"; };
		C608777421CABBA60061D51C /* BorderDescriptor.swift */ = {isa = PBXFileReference; lastKnownFileType = sourcecode.swift; path = BorderDescriptor.swift; sourceTree = "<group>"; };
		C608777621CABBC30061D51C /* BorderDescriptorTests.swift */ = {isa = PBXFileReference; lastKnownFileType = sourcecode.swift; path = BorderDescriptorTests.swift; sourceTree = "<group>"; };
		C60934B721DD3A3700B9F063 /* OverlayViewControllerTests.swift */ = {isa = PBXFileReference; lastKnownFileType = sourcecode.swift; path = OverlayViewControllerTests.swift; sourceTree = "<group>"; };
		C60934B921DD3A8A00B9F063 /* OverlayViewController.swift */ = {isa = PBXFileReference; lastKnownFileType = sourcecode.swift; path = OverlayViewController.swift; sourceTree = "<group>"; };
		C641CB1021CAD72D00B3C6DE /* ViewLayerDescriptorTests.swift */ = {isa = PBXFileReference; lastKnownFileType = sourcecode.swift; path = ViewLayerDescriptorTests.swift; sourceTree = "<group>"; };
		C66EE2B321C18052003B983F /* SwiftToolkit.framework */ = {isa = PBXFileReference; explicitFileType = wrapper.framework; includeInIndex = 0; path = SwiftToolkit.framework; sourceTree = BUILT_PRODUCTS_DIR; };
		C66EE2B621C18052003B983F /* SwiftToolkit.h */ = {isa = PBXFileReference; lastKnownFileType = sourcecode.c.h; path = SwiftToolkit.h; sourceTree = "<group>"; };
		C66EE2B721C18052003B983F /* Info.plist */ = {isa = PBXFileReference; lastKnownFileType = text.plist.xml; path = Info.plist; sourceTree = "<group>"; };
		C66EE2BC21C18052003B983F /* SwiftToolkitTests.xctest */ = {isa = PBXFileReference; explicitFileType = wrapper.cfbundle; includeInIndex = 0; path = SwiftToolkitTests.xctest; sourceTree = BUILT_PRODUCTS_DIR; };
		C66EE2C321C18052003B983F /* Info.plist */ = {isa = PBXFileReference; lastKnownFileType = text.plist.xml; path = Info.plist; sourceTree = "<group>"; };
		C68E117621CD9C320091486A /* DrawerViewController.swift */ = {isa = PBXFileReference; lastKnownFileType = sourcecode.swift; path = DrawerViewController.swift; sourceTree = "<group>"; };
		C68E117821CD9CC10091486A /* DrawerViewControllerTests.swift */ = {isa = PBXFileReference; lastKnownFileType = sourcecode.swift; path = DrawerViewControllerTests.swift; sourceTree = "<group>"; };
		C6CB39C921C182AE00816242 /* ItemSection.swift */ = {isa = PBXFileReference; lastKnownFileType = sourcecode.swift; path = ItemSection.swift; sourceTree = "<group>"; };
		C6CB39CB21C182BC00816242 /* Sectionable.swift */ = {isa = PBXFileReference; lastKnownFileType = sourcecode.swift; path = Sectionable.swift; sourceTree = "<group>"; };
		C6CB39CD21C183EF00816242 /* ItemSectionTests.swift */ = {isa = PBXFileReference; lastKnownFileType = sourcecode.swift; path = ItemSectionTests.swift; sourceTree = "<group>"; };
		C6CB39CF21C187D400816242 /* ItemSectionBuilder.swift */ = {isa = PBXFileReference; lastKnownFileType = sourcecode.swift; path = ItemSectionBuilder.swift; sourceTree = "<group>"; };
		C6CB39D321C190C800816242 /* ItemSectionBuilderTests.swift */ = {isa = PBXFileReference; lastKnownFileType = sourcecode.swift; path = ItemSectionBuilderTests.swift; sourceTree = "<group>"; };
		C6D043C521C2BA73004EBD80 /* ContainerViewController.swift */ = {isa = PBXFileReference; lastKnownFileType = sourcecode.swift; path = ContainerViewController.swift; sourceTree = "<group>"; };
		C6D043C821C2BFFC004EBD80 /* ContainerViewControllerTests.swift */ = {isa = PBXFileReference; lastKnownFileType = sourcecode.swift; path = ContainerViewControllerTests.swift; sourceTree = "<group>"; };
		C6D043CA21C2C6C6004EBD80 /* ActivityIndicatorViewController.swift */ = {isa = PBXFileReference; lastKnownFileType = sourcecode.swift; path = ActivityIndicatorViewController.swift; sourceTree = "<group>"; };
		C6D043CC21C2C6DC004EBD80 /* ActivityIndicatorViewControllerTests.swift */ = {isa = PBXFileReference; lastKnownFileType = sourcecode.swift; path = ActivityIndicatorViewControllerTests.swift; sourceTree = "<group>"; };
		C6D043CF21C2D185004EBD80 /* StackViewController.swift */ = {isa = PBXFileReference; lastKnownFileType = sourcecode.swift; path = StackViewController.swift; sourceTree = "<group>"; };
		C6D043D121C2D197004EBD80 /* StackViewControllerTests.swift */ = {isa = PBXFileReference; lastKnownFileType = sourcecode.swift; path = StackViewControllerTests.swift; sourceTree = "<group>"; };
		C6D043D421C2F041004EBD80 /* MockViewController.swift */ = {isa = PBXFileReference; lastKnownFileType = sourcecode.swift; path = MockViewController.swift; sourceTree = "<group>"; };
		C6D043D621C2FC60004EBD80 /* ScrollViewController.swift */ = {isa = PBXFileReference; lastKnownFileType = sourcecode.swift; path = ScrollViewController.swift; sourceTree = "<group>"; };
		C6D043D821C2FC74004EBD80 /* ScrollViewControllerTests.swift */ = {isa = PBXFileReference; lastKnownFileType = sourcecode.swift; path = ScrollViewControllerTests.swift; sourceTree = "<group>"; };
		C6D043DF21C31BF4004EBD80 /* NibBackedViewController.swift */ = {isa = PBXFileReference; lastKnownFileType = sourcecode.swift; path = NibBackedViewController.swift; sourceTree = "<group>"; };
		C6DA8EBE21DD1BC700FC2A1E /* OverlayViewCoordinator.swift */ = {isa = PBXFileReference; lastKnownFileType = sourcecode.swift; path = OverlayViewCoordinator.swift; sourceTree = "<group>"; };
/* End PBXFileReference section */

/* Begin PBXFrameworksBuildPhase section */
		C608773B21C858810061D51C /* Frameworks */ = {
			isa = PBXFrameworksBuildPhase;
			buildActionMask = 2147483647;
			files = (
				C608775621C9565C0061D51C /* SwiftToolkit.framework in Frameworks */,
			);
			runOnlyForDeploymentPostprocessing = 0;
		};
		C66EE2B021C18052003B983F /* Frameworks */ = {
			isa = PBXFrameworksBuildPhase;
			buildActionMask = 2147483647;
			files = (
			);
			runOnlyForDeploymentPostprocessing = 0;
		};
		C66EE2B921C18052003B983F /* Frameworks */ = {
			isa = PBXFrameworksBuildPhase;
			buildActionMask = 2147483647;
			files = (
				C66EE2BD21C18052003B983F /* SwiftToolkit.framework in Frameworks */,
			);
			runOnlyForDeploymentPostprocessing = 0;
		};
/* End PBXFrameworksBuildPhase section */

/* Begin PBXGroup section */
		C608773F21C858810061D51C /* SwiftToolkitDemo */ = {
			isa = PBXGroup;
			children = (
				C608774021C858810061D51C /* AppDelegate.swift */,
				C608774221C858810061D51C /* ViewController.swift */,
				C608774421C858810061D51C /* Main.storyboard */,
				C608774721C858830061D51C /* Assets.xcassets */,
				C608774921C858830061D51C /* LaunchScreen.storyboard */,
				C608774C21C858830061D51C /* Info.plist */,
				C608775021C859470061D51C /* MenuCoordinator.swift */,
				C608775221C8596F0061D51C /* MenuTableViewController.swift */,
				C608775421C859A90061D51C /* MenuItem.swift */,
				C608776B21C96CBC0061D51C /* Picture In Picture */,
				C6DA8EBD21DD1B9E00FC2A1E /* Overlay */,
			);
			path = SwiftToolkitDemo;
			sourceTree = "<group>";
		};
		C608775B21C957F80061D51C /* Extensions */ = {
			isa = PBXGroup;
			children = (
				C608775C21C958060061D51C /* CGFloat.swift */,
				C608776521C95F8C0061D51C /* CALayer.swift */,
			);
			path = Extensions;
			sourceTree = "<group>";
		};
		C608775E21C958900061D51C /* Extensions */ = {
			isa = PBXGroup;
			children = (
				C608775F21C958A50061D51C /* CGFloatTests.swift */,
				C608776721C960600061D51C /* CALayerTests.swift */,
			);
			path = Extensions;
			sourceTree = "<group>";
		};
		C608776B21C96CBC0061D51C /* Picture In Picture */ = {
			isa = PBXGroup;
			children = (
				C608776C21C96CF20061D51C /* PictureInPictureViewCoordinator.swift */,
				C608776E21C96D580061D51C /* ShadowEditorViewController.swift */,
				C608776F21C96D580061D51C /* ShadowEditorViewController.xib */,
			);
			path = "Picture In Picture";
			sourceTree = "<group>";
		};
		C66EE2A921C18052003B983F = {
			isa = PBXGroup;
			children = (
				C66EE2B521C18052003B983F /* SwiftToolkit */,
				C66EE2C021C18052003B983F /* SwiftToolkitTests */,
				C608773F21C858810061D51C /* SwiftToolkitDemo */,
				C66EE2B421C18052003B983F /* Products */,
			);
			sourceTree = "<group>";
		};
		C66EE2B421C18052003B983F /* Products */ = {
			isa = PBXGroup;
			children = (
				C66EE2B321C18052003B983F /* SwiftToolkit.framework */,
				C66EE2BC21C18052003B983F /* SwiftToolkitTests.xctest */,
				C608773E21C858810061D51C /* SwiftToolkitDemo.app */,
			);
			name = Products;
			sourceTree = "<group>";
		};
		C66EE2B521C18052003B983F /* SwiftToolkit */ = {
			isa = PBXGroup;
			children = (
				C6CB39D521C1A6D500816242 /* Meta */,
				C6D043C421C2BA4E004EBD80 /* View Controllers */,
				C608775B21C957F80061D51C /* Extensions */,
				C6CB39C921C182AE00816242 /* ItemSection.swift */,
				C6CB39CF21C187D400816242 /* ItemSectionBuilder.swift */,
				C6CB39CB21C182BC00816242 /* Sectionable.swift */,
				C608776121C95C3D0061D51C /* ShadowDescriptor.swift */,
				C608777221CA9A880061D51C /* ViewLayerDescriptor.swift */,
				C608777421CABBA60061D51C /* BorderDescriptor.swift */,
			);
			path = SwiftToolkit;
			sourceTree = "<group>";
		};
		C66EE2C021C18052003B983F /* SwiftToolkitTests */ = {
			isa = PBXGroup;
			children = (
				C6D043CE21C2D0DC004EBD80 /* Meta */,
				C6D043D321C2F025004EBD80 /* Mock */,
				C6D043C721C2BFE4004EBD80 /* View Controllers */,
				C608775E21C958900061D51C /* Extensions */,
				C6CB39CD21C183EF00816242 /* ItemSectionTests.swift */,
				C6CB39D321C190C800816242 /* ItemSectionBuilderTests.swift */,
				C608776321C95C880061D51C /* ShadowDescriptorTests.swift */,
				C608777621CABBC30061D51C /* BorderDescriptorTests.swift */,
				C641CB1021CAD72D00B3C6DE /* ViewLayerDescriptorTests.swift */,
			);
			path = SwiftToolkitTests;
			sourceTree = "<group>";
		};
		C6CB39D521C1A6D500816242 /* Meta */ = {
			isa = PBXGroup;
			children = (
				C66EE2B621C18052003B983F /* SwiftToolkit.h */,
				C66EE2B721C18052003B983F /* Info.plist */,
			);
			path = Meta;
			sourceTree = "<group>";
		};
		C6D043C421C2BA4E004EBD80 /* View Controllers */ = {
			isa = PBXGroup;
			children = (
				C6D043C521C2BA73004EBD80 /* ContainerViewController.swift */,
				C6D043CA21C2C6C6004EBD80 /* ActivityIndicatorViewController.swift */,
				C6D043CF21C2D185004EBD80 /* StackViewController.swift */,
				C6D043D621C2FC60004EBD80 /* ScrollViewController.swift */,
				C6D043DF21C31BF4004EBD80 /* NibBackedViewController.swift */,
				C608773621C7FEDE0061D51C /* PictureInPictureViewController.swift */,
				C68E117621CD9C320091486A /* DrawerViewController.swift */,
				C60934B921DD3A8A00B9F063 /* OverlayViewController.swift */,
			);
			path = "View Controllers";
			sourceTree = "<group>";
		};
		C6D043C721C2BFE4004EBD80 /* View Controllers */ = {
			isa = PBXGroup;
			children = (
				C6D043C821C2BFFC004EBD80 /* ContainerViewControllerTests.swift */,
				C6D043CC21C2C6DC004EBD80 /* ActivityIndicatorViewControllerTests.swift */,
				C6D043D121C2D197004EBD80 /* StackViewControllerTests.swift */,
				C6D043D821C2FC74004EBD80 /* ScrollViewControllerTests.swift */,
				C608773821C801120061D51C /* PictureInPictureViewControllerTests.swift */,
				C68E117821CD9CC10091486A /* DrawerViewControllerTests.swift */,
				C60934B721DD3A3700B9F063 /* OverlayViewControllerTests.swift */,
			);
			path = "View Controllers";
			sourceTree = "<group>";
		};
		C6D043CE21C2D0DC004EBD80 /* Meta */ = {
			isa = PBXGroup;
			children = (
				C66EE2C321C18052003B983F /* Info.plist */,
			);
			path = Meta;
			sourceTree = "<group>";
		};
		C6D043D321C2F025004EBD80 /* Mock */ = {
			isa = PBXGroup;
			children = (
				C6D043D421C2F041004EBD80 /* MockViewController.swift */,
			);
			path = Mock;
			sourceTree = "<group>";
		};
		C6DA8EBD21DD1B9E00FC2A1E /* Overlay */ = {
			isa = PBXGroup;
			children = (
				C6DA8EBE21DD1BC700FC2A1E /* OverlayViewCoordinator.swift */,
			);
			path = Overlay;
			sourceTree = "<group>";
		};
/* End PBXGroup section */

/* Begin PBXHeadersBuildPhase section */
		C66EE2AE21C18052003B983F /* Headers */ = {
			isa = PBXHeadersBuildPhase;
			buildActionMask = 2147483647;
			files = (
				C66EE2C421C18052003B983F /* SwiftToolkit.h in Headers */,
			);
			runOnlyForDeploymentPostprocessing = 0;
		};
/* End PBXHeadersBuildPhase section */

/* Begin PBXNativeTarget section */
		C608773D21C858810061D51C /* SwiftToolkitDemo */ = {
			isa = PBXNativeTarget;
			buildConfigurationList = C608774D21C858830061D51C /* Build configuration list for PBXNativeTarget "SwiftToolkitDemo" */;
			buildPhases = (
				C608773A21C858810061D51C /* Sources */,
				C608773B21C858810061D51C /* Frameworks */,
				C608773C21C858810061D51C /* Resources */,
				C608775A21C9565D0061D51C /* Embed Frameworks */,
			);
			buildRules = (
			);
			dependencies = (
				C608775921C9565C0061D51C /* PBXTargetDependency */,
			);
			name = SwiftToolkitDemo;
			productName = SwiftToolkitDemo;
			productReference = C608773E21C858810061D51C /* SwiftToolkitDemo.app */;
			productType = "com.apple.product-type.application";
		};
		C66EE2B221C18052003B983F /* SwiftToolkit */ = {
			isa = PBXNativeTarget;
			buildConfigurationList = C66EE2C721C18052003B983F /* Build configuration list for PBXNativeTarget "SwiftToolkit" */;
			buildPhases = (
				C66EE2AE21C18052003B983F /* Headers */,
				C66EE2AF21C18052003B983F /* Sources */,
				C66EE2B021C18052003B983F /* Frameworks */,
				C66EE2B121C18052003B983F /* Resources */,
			);
			buildRules = (
			);
			dependencies = (
			);
			name = SwiftToolkit;
			productName = SwiftToolkit;
			productReference = C66EE2B321C18052003B983F /* SwiftToolkit.framework */;
			productType = "com.apple.product-type.framework";
		};
		C66EE2BB21C18052003B983F /* SwiftToolkitTests */ = {
			isa = PBXNativeTarget;
			buildConfigurationList = C66EE2CA21C18052003B983F /* Build configuration list for PBXNativeTarget "SwiftToolkitTests" */;
			buildPhases = (
				C66EE2B821C18052003B983F /* Sources */,
				C66EE2B921C18052003B983F /* Frameworks */,
				C66EE2BA21C18052003B983F /* Resources */,
			);
			buildRules = (
			);
			dependencies = (
				C66EE2BF21C18052003B983F /* PBXTargetDependency */,
			);
			name = SwiftToolkitTests;
			productName = SwiftToolkitTests;
			productReference = C66EE2BC21C18052003B983F /* SwiftToolkitTests.xctest */;
			productType = "com.apple.product-type.bundle.unit-test";
		};
/* End PBXNativeTarget section */

/* Begin PBXProject section */
		C66EE2AA21C18052003B983F /* Project object */ = {
			isa = PBXProject;
			attributes = {
				LastSwiftUpdateCheck = 1010;
				LastUpgradeCheck = 1010;
				ORGANIZATIONNAME = "Avery Pierce";
				TargetAttributes = {
					C608773D21C858810061D51C = {
						CreatedOnToolsVersion = 10.1;
					};
					C66EE2B221C18052003B983F = {
						CreatedOnToolsVersion = 10.1;
					};
					C66EE2BB21C18052003B983F = {
						CreatedOnToolsVersion = 10.1;
					};
				};
			};
			buildConfigurationList = C66EE2AD21C18052003B983F /* Build configuration list for PBXProject "SwiftToolkit" */;
			compatibilityVersion = "Xcode 9.3";
			developmentRegion = en;
			hasScannedForEncodings = 0;
			knownRegions = (
				en,
				Base,
			);
			mainGroup = C66EE2A921C18052003B983F;
			productRefGroup = C66EE2B421C18052003B983F /* Products */;
			projectDirPath = "";
			projectRoot = "";
			targets = (
				C66EE2B221C18052003B983F /* SwiftToolkit */,
				C66EE2BB21C18052003B983F /* SwiftToolkitTests */,
				C608773D21C858810061D51C /* SwiftToolkitDemo */,
			);
		};
/* End PBXProject section */

/* Begin PBXResourcesBuildPhase section */
		C608773C21C858810061D51C /* Resources */ = {
			isa = PBXResourcesBuildPhase;
			buildActionMask = 2147483647;
			files = (
				C608774B21C858830061D51C /* LaunchScreen.storyboard in Resources */,
				C608774821C858830061D51C /* Assets.xcassets in Resources */,
				C608774621C858810061D51C /* Main.storyboard in Resources */,
				C608777121C96D580061D51C /* ShadowEditorViewController.xib in Resources */,
			);
			runOnlyForDeploymentPostprocessing = 0;
		};
		C66EE2B121C18052003B983F /* Resources */ = {
			isa = PBXResourcesBuildPhase;
			buildActionMask = 2147483647;
			files = (
			);
			runOnlyForDeploymentPostprocessing = 0;
		};
		C66EE2BA21C18052003B983F /* Resources */ = {
			isa = PBXResourcesBuildPhase;
			buildActionMask = 2147483647;
			files = (
			);
			runOnlyForDeploymentPostprocessing = 0;
		};
/* End PBXResourcesBuildPhase section */

/* Begin PBXSourcesBuildPhase section */
		C608773A21C858810061D51C /* Sources */ = {
			isa = PBXSourcesBuildPhase;
			buildActionMask = 2147483647;
			files = (
				C6DA8EBF21DD1BC700FC2A1E /* OverlayViewCoordinator.swift in Sources */,
				C608776D21C96CF20061D51C /* PictureInPictureViewCoordinator.swift in Sources */,
				C608777021C96D580061D51C /* ShadowEditorViewController.swift in Sources */,
				C608775321C8596F0061D51C /* MenuTableViewController.swift in Sources */,
				C608774321C858810061D51C /* ViewController.swift in Sources */,
				C608775121C859470061D51C /* MenuCoordinator.swift in Sources */,
				C608774121C858810061D51C /* AppDelegate.swift in Sources */,
				C608775521C859A90061D51C /* MenuItem.swift in Sources */,
			);
			runOnlyForDeploymentPostprocessing = 0;
		};
		C66EE2AF21C18052003B983F /* Sources */ = {
			isa = PBXSourcesBuildPhase;
			buildActionMask = 2147483647;
			files = (
				C608775D21C958060061D51C /* CGFloat.swift in Sources */,
				C6CB39D021C187D400816242 /* ItemSectionBuilder.swift in Sources */,
				C608777521CABBA60061D51C /* BorderDescriptor.swift in Sources */,
				C6CB39CA21C182AE00816242 /* ItemSection.swift in Sources */,
				C608773721C7FEDE0061D51C /* PictureInPictureViewController.swift in Sources */,
				C608776221C95C3D0061D51C /* ShadowDescriptor.swift in Sources */,
				C608777321CA9A880061D51C /* ViewLayerDescriptor.swift in Sources */,
				C60934BA21DD3A8A00B9F063 /* OverlayViewController.swift in Sources */,
				C6D043E021C31BF4004EBD80 /* NibBackedViewController.swift in Sources */,
				C6D043C621C2BA73004EBD80 /* ContainerViewController.swift in Sources */,
				C6D043D721C2FC60004EBD80 /* ScrollViewController.swift in Sources */,
				C6D043D021C2D185004EBD80 /* StackViewController.swift in Sources */,
				C608776621C95F8C0061D51C /* CALayer.swift in Sources */,
				C68E117721CD9C320091486A /* DrawerViewController.swift in Sources */,
				C6D043CB21C2C6C6004EBD80 /* ActivityIndicatorViewController.swift in Sources */,
				C6CB39CC21C182BC00816242 /* Sectionable.swift in Sources */,
			);
			runOnlyForDeploymentPostprocessing = 0;
		};
		C66EE2B821C18052003B983F /* Sources */ = {
			isa = PBXSourcesBuildPhase;
			buildActionMask = 2147483647;
			files = (
				C68E117921CD9CC10091486A /* DrawerViewControllerTests.swift in Sources */,
				C6D043D521C2F041004EBD80 /* MockViewController.swift in Sources */,
				C6CB39D421C190C800816242 /* ItemSectionBuilderTests.swift in Sources */,
				C608776421C95C880061D51C /* ShadowDescriptorTests.swift in Sources */,
				C6D043CD21C2C6DC004EBD80 /* ActivityIndicatorViewControllerTests.swift in Sources */,
				C60934B821DD3A3700B9F063 /* OverlayViewControllerTests.swift in Sources */,
				C6D043C921C2BFFC004EBD80 /* ContainerViewControllerTests.swift in Sources */,
				C608776021C958A50061D51C /* CGFloatTests.swift in Sources */,
				C6CB39CE21C183EF00816242 /* ItemSectionTests.swift in Sources */,
				C641CB1121CAD72D00B3C6DE /* ViewLayerDescriptorTests.swift in Sources */,
				C608773921C801120061D51C /* PictureInPictureViewControllerTests.swift in Sources */,
				C6D043D921C2FC74004EBD80 /* ScrollViewControllerTests.swift in Sources */,
				C6D043D221C2D197004EBD80 /* StackViewControllerTests.swift in Sources */,
				C608777721CABBC30061D51C /* BorderDescriptorTests.swift in Sources */,
				C608776821C960600061D51C /* CALayerTests.swift in Sources */,
			);
			runOnlyForDeploymentPostprocessing = 0;
		};
/* End PBXSourcesBuildPhase section */

/* Begin PBXTargetDependency section */
		C608775921C9565C0061D51C /* PBXTargetDependency */ = {
			isa = PBXTargetDependency;
			target = C66EE2B221C18052003B983F /* SwiftToolkit */;
			targetProxy = C608775821C9565C0061D51C /* PBXContainerItemProxy */;
		};
		C66EE2BF21C18052003B983F /* PBXTargetDependency */ = {
			isa = PBXTargetDependency;
			target = C66EE2B221C18052003B983F /* SwiftToolkit */;
			targetProxy = C66EE2BE21C18052003B983F /* PBXContainerItemProxy */;
		};
/* End PBXTargetDependency section */

/* Begin PBXVariantGroup section */
		C608774421C858810061D51C /* Main.storyboard */ = {
			isa = PBXVariantGroup;
			children = (
				C608774521C858810061D51C /* Base */,
			);
			name = Main.storyboard;
			sourceTree = "<group>";
		};
		C608774921C858830061D51C /* LaunchScreen.storyboard */ = {
			isa = PBXVariantGroup;
			children = (
				C608774A21C858830061D51C /* Base */,
			);
			name = LaunchScreen.storyboard;
			sourceTree = "<group>";
		};
/* End PBXVariantGroup section */

/* Begin XCBuildConfiguration section */
		C608774E21C858830061D51C /* Debug */ = {
			isa = XCBuildConfiguration;
			buildSettings = {
				ALWAYS_EMBED_SWIFT_STANDARD_LIBRARIES = YES;
				ASSETCATALOG_COMPILER_APPICON_NAME = AppIcon;
				CODE_SIGN_STYLE = Automatic;
				DEVELOPMENT_TEAM = M24E9L9K4U;
				INFOPLIST_FILE = SwiftToolkitDemo/Info.plist;
				LD_RUNPATH_SEARCH_PATHS = (
					"$(inherited)",
					"@executable_path/Frameworks",
				);
				PRODUCT_BUNDLE_IDENTIFIER = com.averypierce.SwiftToolkitDemo;
				PRODUCT_NAME = "$(TARGET_NAME)";
				SWIFT_VERSION = 4.2;
				TARGETED_DEVICE_FAMILY = "1,2";
			};
			name = Debug;
		};
		C608774F21C858830061D51C /* Release */ = {
			isa = XCBuildConfiguration;
			buildSettings = {
				ALWAYS_EMBED_SWIFT_STANDARD_LIBRARIES = YES;
				ASSETCATALOG_COMPILER_APPICON_NAME = AppIcon;
				CODE_SIGN_STYLE = Automatic;
				DEVELOPMENT_TEAM = M24E9L9K4U;
				INFOPLIST_FILE = SwiftToolkitDemo/Info.plist;
				LD_RUNPATH_SEARCH_PATHS = (
					"$(inherited)",
					"@executable_path/Frameworks",
				);
				PRODUCT_BUNDLE_IDENTIFIER = com.averypierce.SwiftToolkitDemo;
				PRODUCT_NAME = "$(TARGET_NAME)";
				SWIFT_VERSION = 4.2;
				TARGETED_DEVICE_FAMILY = "1,2";
			};
			name = Release;
		};
		C66EE2C521C18052003B983F /* Debug */ = {
			isa = XCBuildConfiguration;
			buildSettings = {
				ALWAYS_SEARCH_USER_PATHS = NO;
				CLANG_ANALYZER_NONNULL = YES;
				CLANG_ANALYZER_NUMBER_OBJECT_CONVERSION = YES_AGGRESSIVE;
				CLANG_CXX_LANGUAGE_STANDARD = "gnu++14";
				CLANG_CXX_LIBRARY = "libc++";
				CLANG_ENABLE_MODULES = YES;
				CLANG_ENABLE_OBJC_ARC = YES;
				CLANG_ENABLE_OBJC_WEAK = YES;
				CLANG_WARN_BLOCK_CAPTURE_AUTORELEASING = YES;
				CLANG_WARN_BOOL_CONVERSION = YES;
				CLANG_WARN_COMMA = YES;
				CLANG_WARN_CONSTANT_CONVERSION = YES;
				CLANG_WARN_DEPRECATED_OBJC_IMPLEMENTATIONS = YES;
				CLANG_WARN_DIRECT_OBJC_ISA_USAGE = YES_ERROR;
				CLANG_WARN_DOCUMENTATION_COMMENTS = YES;
				CLANG_WARN_EMPTY_BODY = YES;
				CLANG_WARN_ENUM_CONVERSION = YES;
				CLANG_WARN_INFINITE_RECURSION = YES;
				CLANG_WARN_INT_CONVERSION = YES;
				CLANG_WARN_NON_LITERAL_NULL_CONVERSION = YES;
				CLANG_WARN_OBJC_IMPLICIT_RETAIN_SELF = YES;
				CLANG_WARN_OBJC_LITERAL_CONVERSION = YES;
				CLANG_WARN_OBJC_ROOT_CLASS = YES_ERROR;
				CLANG_WARN_RANGE_LOOP_ANALYSIS = YES;
				CLANG_WARN_STRICT_PROTOTYPES = YES;
				CLANG_WARN_SUSPICIOUS_MOVE = YES;
				CLANG_WARN_UNGUARDED_AVAILABILITY = YES_AGGRESSIVE;
				CLANG_WARN_UNREACHABLE_CODE = YES;
				CLANG_WARN__DUPLICATE_METHOD_MATCH = YES;
				CODE_SIGN_IDENTITY = "iPhone Developer";
				COPY_PHASE_STRIP = NO;
				CURRENT_PROJECT_VERSION = 1;
				DEBUG_INFORMATION_FORMAT = dwarf;
				ENABLE_STRICT_OBJC_MSGSEND = YES;
				ENABLE_TESTABILITY = YES;
				GCC_C_LANGUAGE_STANDARD = gnu11;
				GCC_DYNAMIC_NO_PIC = NO;
				GCC_NO_COMMON_BLOCKS = YES;
				GCC_OPTIMIZATION_LEVEL = 0;
				GCC_PREPROCESSOR_DEFINITIONS = (
					"DEBUG=1",
					"$(inherited)",
				);
				GCC_WARN_64_TO_32_BIT_CONVERSION = YES;
				GCC_WARN_ABOUT_RETURN_TYPE = YES_ERROR;
				GCC_WARN_UNDECLARED_SELECTOR = YES;
				GCC_WARN_UNINITIALIZED_AUTOS = YES_AGGRESSIVE;
				GCC_WARN_UNUSED_FUNCTION = YES;
				GCC_WARN_UNUSED_VARIABLE = YES;
				IPHONEOS_DEPLOYMENT_TARGET = 12.1;
				MTL_ENABLE_DEBUG_INFO = INCLUDE_SOURCE;
				MTL_FAST_MATH = YES;
				ONLY_ACTIVE_ARCH = YES;
				SDKROOT = iphoneos;
				SWIFT_ACTIVE_COMPILATION_CONDITIONS = DEBUG;
				SWIFT_OPTIMIZATION_LEVEL = "-Onone";
				VERSIONING_SYSTEM = "apple-generic";
				VERSION_INFO_PREFIX = "";
			};
			name = Debug;
		};
		C66EE2C621C18052003B983F /* Release */ = {
			isa = XCBuildConfiguration;
			buildSettings = {
				ALWAYS_SEARCH_USER_PATHS = NO;
				CLANG_ANALYZER_NONNULL = YES;
				CLANG_ANALYZER_NUMBER_OBJECT_CONVERSION = YES_AGGRESSIVE;
				CLANG_CXX_LANGUAGE_STANDARD = "gnu++14";
				CLANG_CXX_LIBRARY = "libc++";
				CLANG_ENABLE_MODULES = YES;
				CLANG_ENABLE_OBJC_ARC = YES;
				CLANG_ENABLE_OBJC_WEAK = YES;
				CLANG_WARN_BLOCK_CAPTURE_AUTORELEASING = YES;
				CLANG_WARN_BOOL_CONVERSION = YES;
				CLANG_WARN_COMMA = YES;
				CLANG_WARN_CONSTANT_CONVERSION = YES;
				CLANG_WARN_DEPRECATED_OBJC_IMPLEMENTATIONS = YES;
				CLANG_WARN_DIRECT_OBJC_ISA_USAGE = YES_ERROR;
				CLANG_WARN_DOCUMENTATION_COMMENTS = YES;
				CLANG_WARN_EMPTY_BODY = YES;
				CLANG_WARN_ENUM_CONVERSION = YES;
				CLANG_WARN_INFINITE_RECURSION = YES;
				CLANG_WARN_INT_CONVERSION = YES;
				CLANG_WARN_NON_LITERAL_NULL_CONVERSION = YES;
				CLANG_WARN_OBJC_IMPLICIT_RETAIN_SELF = YES;
				CLANG_WARN_OBJC_LITERAL_CONVERSION = YES;
				CLANG_WARN_OBJC_ROOT_CLASS = YES_ERROR;
				CLANG_WARN_RANGE_LOOP_ANALYSIS = YES;
				CLANG_WARN_STRICT_PROTOTYPES = YES;
				CLANG_WARN_SUSPICIOUS_MOVE = YES;
				CLANG_WARN_UNGUARDED_AVAILABILITY = YES_AGGRESSIVE;
				CLANG_WARN_UNREACHABLE_CODE = YES;
				CLANG_WARN__DUPLICATE_METHOD_MATCH = YES;
				CODE_SIGN_IDENTITY = "iPhone Developer";
				COPY_PHASE_STRIP = NO;
				CURRENT_PROJECT_VERSION = 1;
				DEBUG_INFORMATION_FORMAT = "dwarf-with-dsym";
				ENABLE_NS_ASSERTIONS = NO;
				ENABLE_STRICT_OBJC_MSGSEND = YES;
				GCC_C_LANGUAGE_STANDARD = gnu11;
				GCC_NO_COMMON_BLOCKS = YES;
				GCC_WARN_64_TO_32_BIT_CONVERSION = YES;
				GCC_WARN_ABOUT_RETURN_TYPE = YES_ERROR;
				GCC_WARN_UNDECLARED_SELECTOR = YES;
				GCC_WARN_UNINITIALIZED_AUTOS = YES_AGGRESSIVE;
				GCC_WARN_UNUSED_FUNCTION = YES;
				GCC_WARN_UNUSED_VARIABLE = YES;
				IPHONEOS_DEPLOYMENT_TARGET = 12.1;
				MTL_ENABLE_DEBUG_INFO = NO;
				MTL_FAST_MATH = YES;
				SDKROOT = iphoneos;
				SWIFT_COMPILATION_MODE = wholemodule;
				SWIFT_OPTIMIZATION_LEVEL = "-O";
				VALIDATE_PRODUCT = YES;
				VERSIONING_SYSTEM = "apple-generic";
				VERSION_INFO_PREFIX = "";
			};
			name = Release;
		};
		C66EE2C821C18052003B983F /* Debug */ = {
			isa = XCBuildConfiguration;
			buildSettings = {
				CODE_SIGN_IDENTITY = "";
				CODE_SIGN_STYLE = Automatic;
				DEFINES_MODULE = YES;
				DEVELOPMENT_TEAM = M24E9L9K4U;
				DYLIB_COMPATIBILITY_VERSION = 1;
				DYLIB_CURRENT_VERSION = 1;
				DYLIB_INSTALL_NAME_BASE = "@rpath";
				INFOPLIST_FILE = "$(SRCROOT)/SwiftToolkit/Meta/Info.plist";
				INSTALL_PATH = "$(LOCAL_LIBRARY_DIR)/Frameworks";
				IPHONEOS_DEPLOYMENT_TARGET = 12.0;
				LD_RUNPATH_SEARCH_PATHS = (
					"$(inherited)",
					"@executable_path/Frameworks",
					"@loader_path/Frameworks",
				);
				PRODUCT_BUNDLE_IDENTIFIER = com.averypierce.SwiftToolkit;
				PRODUCT_NAME = "$(TARGET_NAME:c99extidentifier)";
				SKIP_INSTALL = YES;
				SWIFT_VERSION = 4.2;
				TARGETED_DEVICE_FAMILY = "1,2";
			};
			name = Debug;
		};
		C66EE2C921C18052003B983F /* Release */ = {
			isa = XCBuildConfiguration;
			buildSettings = {
				CODE_SIGN_IDENTITY = "";
				CODE_SIGN_STYLE = Automatic;
				DEFINES_MODULE = YES;
				DEVELOPMENT_TEAM = M24E9L9K4U;
				DYLIB_COMPATIBILITY_VERSION = 1;
				DYLIB_CURRENT_VERSION = 1;
				DYLIB_INSTALL_NAME_BASE = "@rpath";
				INFOPLIST_FILE = "$(SRCROOT)/SwiftToolkit/Meta/Info.plist";
				INSTALL_PATH = "$(LOCAL_LIBRARY_DIR)/Frameworks";
				IPHONEOS_DEPLOYMENT_TARGET = 12.0;
				LD_RUNPATH_SEARCH_PATHS = (
					"$(inherited)",
					"@executable_path/Frameworks",
					"@loader_path/Frameworks",
				);
				PRODUCT_BUNDLE_IDENTIFIER = com.averypierce.SwiftToolkit;
				PRODUCT_NAME = "$(TARGET_NAME:c99extidentifier)";
				SKIP_INSTALL = YES;
				SWIFT_VERSION = 4.2;
				TARGETED_DEVICE_FAMILY = "1,2";
			};
			name = Release;
		};
		C66EE2CB21C18052003B983F /* Debug */ = {
			isa = XCBuildConfiguration;
			buildSettings = {
				ALWAYS_EMBED_SWIFT_STANDARD_LIBRARIES = YES;
				CODE_SIGN_STYLE = Automatic;
				DEVELOPMENT_TEAM = M24E9L9K4U;
				INFOPLIST_FILE = SwiftToolkitTests/Meta/Info.plist;
				LD_RUNPATH_SEARCH_PATHS = (
					"$(inherited)",
					"@executable_path/Frameworks",
					"@loader_path/Frameworks",
				);
				PRODUCT_BUNDLE_IDENTIFIER = com.averypierce.SwiftToolkitTests;
				PRODUCT_NAME = "$(TARGET_NAME)";
				SWIFT_VERSION = 4.2;
				TARGETED_DEVICE_FAMILY = "1,2";
			};
			name = Debug;
		};
		C66EE2CC21C18052003B983F /* Release */ = {
			isa = XCBuildConfiguration;
			buildSettings = {
				ALWAYS_EMBED_SWIFT_STANDARD_LIBRARIES = YES;
				CODE_SIGN_STYLE = Automatic;
				DEVELOPMENT_TEAM = M24E9L9K4U;
				INFOPLIST_FILE = SwiftToolkitTests/Meta/Info.plist;
				LD_RUNPATH_SEARCH_PATHS = (
					"$(inherited)",
					"@executable_path/Frameworks",
					"@loader_path/Frameworks",
				);
				PRODUCT_BUNDLE_IDENTIFIER = com.averypierce.SwiftToolkitTests;
				PRODUCT_NAME = "$(TARGET_NAME)";
				SWIFT_VERSION = 4.2;
				TARGETED_DEVICE_FAMILY = "1,2";
			};
			name = Release;
		};
/* End XCBuildConfiguration section */

/* Begin XCConfigurationList section */
		C608774D21C858830061D51C /* Build configuration list for PBXNativeTarget "SwiftToolkitDemo" */ = {
			isa = XCConfigurationList;
			buildConfigurations = (
				C608774E21C858830061D51C /* Debug */,
				C608774F21C858830061D51C /* Release */,
			);
			defaultConfigurationIsVisible = 0;
			defaultConfigurationName = Release;
		};
		C66EE2AD21C18052003B983F /* Build configuration list for PBXProject "SwiftToolkit" */ = {
			isa = XCConfigurationList;
			buildConfigurations = (
				C66EE2C521C18052003B983F /* Debug */,
				C66EE2C621C18052003B983F /* Release */,
			);
			defaultConfigurationIsVisible = 0;
			defaultConfigurationName = Release;
		};
		C66EE2C721C18052003B983F /* Build configuration list for PBXNativeTarget "SwiftToolkit" */ = {
			isa = XCConfigurationList;
			buildConfigurations = (
				C66EE2C821C18052003B983F /* Debug */,
				C66EE2C921C18052003B983F /* Release */,
			);
			defaultConfigurationIsVisible = 0;
			defaultConfigurationName = Release;
		};
		C66EE2CA21C18052003B983F /* Build configuration list for PBXNativeTarget "SwiftToolkitTests" */ = {
			isa = XCConfigurationList;
			buildConfigurations = (
				C66EE2CB21C18052003B983F /* Debug */,
				C66EE2CC21C18052003B983F /* Release */,
			);
			defaultConfigurationIsVisible = 0;
			defaultConfigurationName = Release;
		};
/* End XCConfigurationList section */
	};
	rootObject = C66EE2AA21C18052003B983F /* Project object */;
}
